
Microsoft Visual Studio Solution File, Format Version 12.00
# Visual Studio Version 17
VisualStudioVersion = 17.7.34221.43
MinimumVisualStudioVersion = 10.0.40219.1
Project("{FAE04EC0-301F-11D3-BF4B-00C04F79EFBC}") = "prueba", "prueba\prueba.csproj", "{EA58ED0F-6CD8-434E-8DCA-0B86BEF944BB}"
EndProject
Global
	GlobalSection(SolutionConfigurationPlatforms) = preSolution
		Debug|Any CPU = Debug|Any CPU
		Release|Any CPU = Release|Any CPU
	EndGlobalSection
	GlobalSection(ProjectConfigurationPlatforms) = postSolution
		{EA58ED0F-6CD8-434E-8DCA-0B86BEF944BB}.Debug|Any CPU.ActiveCfg = Debug|Any CPU
		{EA58ED0F-6CD8-434E-8DCA-0B86BEF944BB}.Debug|Any CPU.Build.0 = Debug|Any CPU
		{EA58ED0F-6CD8-434E-8DCA-0B86BEF944BB}.Release|Any CPU.ActiveCfg = Release|Any CPU
		{EA58ED0F-6CD8-434E-8DCA-0B86BEF944BB}.Release|Any CPU.Build.0 = Release|Any CPU
	EndGlobalSection
	GlobalSection(SolutionProperties) = preSolution
		HideSolutionNode = FALSE
	EndGlobalSection
	GlobalSection(ExtensibilityGlobals) = postSolution
		SolutionGuid = {80817A7A-4E5A-495F-8654-88F6ABF45A84}
	EndGlobalSection
EndGlobal
